
Microsoft Visual Studio Solution File, Format Version 12.00
# Visual Studio Version 17
VisualStudioVersion = 17.5.33424.131
MinimumVisualStudioVersion = 10.0.40219.1
Project("{FAE04EC0-301F-11D3-BF4B-00C04F79EFBC}") = "ShadowverseAnalyzer.Model", "ShadowverseAnalyzer.Model\ShadowverseAnalyzer.Model.csproj", "{4177872B-6FD4-4CD3-9200-DE01FCA7D1B1}"
EndProject
Project("{FAE04EC0-301F-11D3-BF4B-00C04F79EFBC}") = "ShadowverseAnalyzer.Logic", "ShadowverseAnalyzer.Logic\ShadowverseAnalyzer.Logic.csproj", "{3D85316F-1305-45FF-B42C-C3A51C1AB74C}"
EndProject
Project("{FAE04EC0-301F-11D3-BF4B-00C04F79EFBC}") = "ShadowverseAnalyzer.WPF", "ShadowverseAnalyzer.WPF\ShadowverseAnalyzer.WPF.csproj", "{008FA62D-DB52-4A04-B57D-99925740F2CA}"
EndProject
Global
	GlobalSection(SolutionConfigurationPlatforms) = preSolution
		Debug|Any CPU = Debug|Any CPU
		Release|Any CPU = Release|Any CPU
	EndGlobalSection
	GlobalSection(ProjectConfigurationPlatforms) = postSolution
		{4177872B-6FD4-4CD3-9200-DE01FCA7D1B1}.Debug|Any CPU.ActiveCfg = Debug|Any CPU
		{4177872B-6FD4-4CD3-9200-DE01FCA7D1B1}.Debug|Any CPU.Build.0 = Debug|Any CPU
		{4177872B-6FD4-4CD3-9200-DE01FCA7D1B1}.Release|Any CPU.ActiveCfg = Release|Any CPU
		{4177872B-6FD4-4CD3-9200-DE01FCA7D1B1}.Release|Any CPU.Build.0 = Release|Any CPU
		{3D85316F-1305-45FF-B42C-C3A51C1AB74C}.Debug|Any CPU.ActiveCfg = Debug|Any CPU
		{3D85316F-1305-45FF-B42C-C3A51C1AB74C}.Debug|Any CPU.Build.0 = Debug|Any CPU
		{3D85316F-1305-45FF-B42C-C3A51C1AB74C}.Release|Any CPU.ActiveCfg = Release|Any CPU
		{3D85316F-1305-45FF-B42C-C3A51C1AB74C}.Release|Any CPU.Build.0 = Release|Any CPU
		{008FA62D-DB52-4A04-B57D-99925740F2CA}.Debug|Any CPU.ActiveCfg = Debug|Any CPU
		{008FA62D-DB52-4A04-B57D-99925740F2CA}.Debug|Any CPU.Build.0 = Debug|Any CPU
		{008FA62D-DB52-4A04-B57D-99925740F2CA}.Release|Any CPU.ActiveCfg = Release|Any CPU
		{008FA62D-DB52-4A04-B57D-99925740F2CA}.Release|Any CPU.Build.0 = Release|Any CPU
	EndGlobalSection
	GlobalSection(SolutionProperties) = preSolution
		HideSolutionNode = FALSE
	EndGlobalSection
	GlobalSection(ExtensibilityGlobals) = postSolution
		SolutionGuid = {600BEA53-48FA-4337-A3F0-DC8B3A1E85DA}
	EndGlobalSection
EndGlobal
